// !$*UTF8*$!
{
	archiveVersion = 1;
	classes = {
	};
	objectVersion = 48;
	objects = {

/* Begin PBXBuildFile section */
		11E3C2201F8F6C1000B0BDAA /* AppDelegate.swift in Sources */ = {isa = PBXBuildFile; fileRef = 11E3C21F1F8F6C1000B0BDAA /* AppDelegate.swift */; };
		11E3C2221F8F6C1000B0BDAA /* ViewController.swift in Sources */ = {isa = PBXBuildFile; fileRef = 11E3C2211F8F6C1000B0BDAA /* ViewController.swift */; };
		11E3C2251F8F6C1000B0BDAA /* Main.storyboard in Resources */ = {isa = PBXBuildFile; fileRef = 11E3C2231F8F6C1000B0BDAA /* Main.storyboard */; };
		11E3C2271F8F6C1000B0BDAA /* Assets.xcassets in Resources */ = {isa = PBXBuildFile; fileRef = 11E3C2261F8F6C1000B0BDAA /* Assets.xcassets */; };
		11E3C22A1F8F6C1000B0BDAA /* LaunchScreen.storyboard in Resources */ = {isa = PBXBuildFile; fileRef = 11E3C2281F8F6C1000B0BDAA /* LaunchScreen.storyboard */; };
/* End PBXBuildFile section */

/* Begin PBXFileReference section */
		11E3C21C1F8F6C1000B0BDAA /* Xyrality game worlds.app */ = {isa = PBXFileReference; explicitFileType = wrapper.application; includeInIndex = 0; path = "Xyrality game worlds.app"; sourceTree = BUILT_PRODUCTS_DIR; };
		11E3C21F1F8F6C1000B0BDAA /* AppDelegate.swift */ = {isa = PBXFileReference; lastKnownFileType = sourcecode.swift; path = AppDelegate.swift; sourceTree = "<group>"; };
		11E3C2211F8F6C1000B0BDAA /* ViewController.swift */ = {isa = PBXFileReference; lastKnownFileType = sourcecode.swift; path = ViewController.swift; sourceTree = "<group>"; };
		11E3C2241F8F6C1000B0BDAA /* Base */ = {isa = PBXFileReference; lastKnownFileType = file.storyboard; name = Base; path = Base.lproj/Main.storyboard; sourceTree = "<group>"; };
		11E3C2261F8F6C1000B0BDAA /* Assets.xcassets */ = {isa = PBXFileReference; lastKnownFileType = folder.assetcatalog; path = Assets.xcassets; sourceTree = "<group>"; };
		11E3C2291F8F6C1000B0BDAA /* Base */ = {isa = PBXFileReference; lastKnownFileType = file.storyboard; name = Base; path = Base.lproj/LaunchScreen.storyboard; sourceTree = "<group>"; };
		11E3C22B1F8F6C1000B0BDAA /* Info.plist */ = {isa = PBXFileReference; lastKnownFileType = text.plist.xml; path = Info.plist; sourceTree = "<group>"; };
/* End PBXFileReference section */

/* Begin PBXFrameworksBuildPhase section */
		11E3C2191F8F6C1000B0BDAA /* Frameworks */ = {
			isa = PBXFrameworksBuildPhase;
			buildActionMask = 2147483647;
			files = (
			);
			runOnlyForDeploymentPostprocessing = 0;
		};
/* End PBXFrameworksBuildPhase section */

/* Begin PBXGroup section */
		11E3C2131F8F6C1000B0BDAA = {
			isa = PBXGroup;
			children = (
				11E3C21E1F8F6C1000B0BDAA /* Xyrality game worlds */,
				11E3C21D1F8F6C1000B0BDAA /* Products */,
			);
			sourceTree = "<group>";
		};
		11E3C21D1F8F6C1000B0BDAA /* Products */ = {
			isa = PBXGroup;
			children = (
				11E3C21C1F8F6C1000B0BDAA /* Xyrality game worlds.app */,
			);
			name = Products;
			sourceTree = "<group>";
		};
		11E3C21E1F8F6C1000B0BDAA /* Xyrality game worlds */ = {
			isa = PBXGroup;
			children = (
				11E3C21F1F8F6C1000B0BDAA /* AppDelegate.swift */,
				11E3C2211F8F6C1000B0BDAA /* ViewController.swift */,
				11E3C2231F8F6C1000B0BDAA /* Main.storyboard */,
				11E3C2261F8F6C1000B0BDAA /* Assets.xcassets */,
				11E3C2281F8F6C1000B0BDAA /* LaunchScreen.storyboard */,
				11E3C22B1F8F6C1000B0BDAA /* Info.plist */,
			);
			path = "Xyrality game worlds";
			sourceTree = "<group>";
		};
/* End PBXGroup section */

/* Begin PBXNativeTarget section */
		11E3C21B1F8F6C1000B0BDAA /* Xyrality game worlds */ = {
			isa = PBXNativeTarget;
			buildConfigurationList = 11E3C22E1F8F6C1000B0BDAA /* Build configuration list for PBXNativeTarget "Xyrality game worlds" */;
			buildPhases = (
				11E3C2181F8F6C1000B0BDAA /* Sources */,
				11E3C2191F8F6C1000B0BDAA /* Frameworks */,
				11E3C21A1F8F6C1000B0BDAA /* Resources */,
			);
			buildRules = (
			);
			dependencies = (
			);
			name = "Xyrality game worlds";
			productName = "Xyrality game worlds";
			productReference = 11E3C21C1F8F6C1000B0BDAA /* Xyrality game worlds.app */;
			productType = "com.apple.product-type.application";
		};
/* End PBXNativeTarget section */

/* Begin PBXProject section */
		11E3C2141F8F6C1000B0BDAA /* Project object */ = {
			isa = PBXProject;
			attributes = {
				LastSwiftUpdateCheck = 0900;
				LastUpgradeCheck = 0900;
				ORGANIZATIONNAME = "Alexander Slobodjanjuk";
				TargetAttributes = {
					11E3C21B1F8F6C1000B0BDAA = {
						CreatedOnToolsVersion = 9.0;
						ProvisioningStyle = Automatic;
					};
				};
			};
			buildConfigurationList = 11E3C2171F8F6C1000B0BDAA /* Build configuration list for PBXProject "Xyrality game worlds" */;
			compatibilityVersion = "Xcode 8.0";
			developmentRegion = en;
			hasScannedForEncodings = 0;
			knownRegions = (
				en,
				Base,
			);
			mainGroup = 11E3C2131F8F6C1000B0BDAA;
			productRefGroup = 11E3C21D1F8F6C1000B0BDAA /* Products */;
			projectDirPath = "";
			projectRoot = "";
			targets = (
				11E3C21B1F8F6C1000B0BDAA /* Xyrality game worlds */,
			);
		};
/* End PBXProject section */

/* Begin PBXResourcesBuildPhase section */
		11E3C21A1F8F6C1000B0BDAA /* Resources */ = {
			isa = PBXResourcesBuildPhase;
			buildActionMask = 2147483647;
			files = (
				11E3C22A1F8F6C1000B0BDAA /* LaunchScreen.storyboard in Resources */,
				11E3C2271F8F6C1000B0BDAA /* Assets.xcassets in Resources */,
				11E3C2251F8F6C1000B0BDAA /* Main.storyboard in Resources */,
			);
			runOnlyForDeploymentPostprocessing = 0;
		};
/* End PBXResourcesBuildPhase section */

/* Begin PBXSourcesBuildPhase section */
		11E3C2181F8F6C1000B0BDAA /* Sources */ = {
			isa = PBXSourcesBuildPhase;
			buildActionMask = 2147483647;
			files = (
				11E3C2221F8F6C1000B0BDAA /* ViewController.swift in Sources */,
				11E3C2201F8F6C1000B0BDAA /* AppDelegate.swift in Sources */,
			);
			runOnlyForDeploymentPostprocessing = 0;
		};
/* End PBXSourcesBuildPhase section */

/* Begin PBXVariantGroup section */
		11E3C2231F8F6C1000B0BDAA /* Main.storyboard */ = {
			isa = PBXVariantGroup;
			children = (
				11E3C2241F8F6C1000B0BDAA /* Base */,
			);
			name = Main.storyboard;
			sourceTree = "<group>";
		};
		11E3C2281F8F6C1000B0BDAA /* LaunchScreen.storyboard */ = {
			isa = PBXVariantGroup;
			children = (
				11E3C2291F8F6C1000B0BDAA /* Base */,
			);
			name = LaunchScreen.storyboard;
			sourceTree = "<group>";
		};
/* End PBXVariantGroup section */

/* Begin XCBuildConfiguration section */
		11E3C22C1F8F6C1000B0BDAA /* Debug */ = {
			isa = XCBuildConfiguration;
			buildSettings = {
				ALWAYS_SEARCH_USER_PATHS = NO;
				CLANG_ANALYZER_NONNULL = YES;
				CLANG_ANALYZER_NUMBER_OBJECT_CONVERSION = YES_AGGRESSIVE;
				CLANG_CXX_LANGUAGE_STANDARD = "gnu++14";
				CLANG_CXX_LIBRARY = "libc++";
				CLANG_ENABLE_MODULES = YES;
				CLANG_ENABLE_OBJC_ARC = YES;
				CLANG_WARN_BLOCK_CAPTURE_AUTORELEASING = YES;
				CLANG_WARN_BOOL_CONVERSION = YES;
				CLANG_WARN_COMMA = YES;
				CLANG_WARN_CONSTANT_CONVERSION = YES;
				CLANG_WARN_DIRECT_OBJC_ISA_USAGE = YES_ERROR;
				CLANG_WARN_DOCUMENTATION_COMMENTS = YES;
				CLANG_WARN_EMPTY_BODY = YES;
				CLANG_WARN_ENUM_CONVERSION = YES;
				CLANG_WARN_INFINITE_RECURSION = YES;
				CLANG_WARN_INT_CONVERSION = YES;
				CLANG_WARN_NON_LITERAL_NULL_CONVERSION = YES;
				CLANG_WARN_OBJC_LITERAL_CONVERSION = YES;
				CLANG_WARN_OBJC_ROOT_CLASS = YES_ERROR;
				CLANG_WARN_RANGE_LOOP_ANALYSIS = YES;
				CLANG_WARN_STRICT_PROTOTYPES = YES;
				CLANG_WARN_SUSPICIOUS_MOVE = YES;
				CLANG_WARN_UNGUARDED_AVAILABILITY = YES_AGGRESSIVE;
				CLANG_WARN_UNREACHABLE_CODE = YES;
				CLANG_WARN__DUPLICATE_METHOD_MATCH = YES;
				CODE_SIGN_IDENTITY = "iPhone Developer";
				COPY_PHASE_STRIP = NO;
				DEBUG_INFORMATION_FORMAT = dwarf;
				ENABLE_STRICT_OBJC_MSGSEND = YES;
				ENABLE_TESTABILITY = YES;
				GCC_C_LANGUAGE_STANDARD = gnu11;
				GCC_DYNAMIC_NO_PIC = NO;
				GCC_NO_COMMON_BLOCKS = YES;
				GCC_OPTIMIZATION_LEVEL = 0;
				GCC_PREPROCESSOR_DEFINITIONS = (
					"DEBUG=1",
					"$(inherited)",
				);
				GCC_WARN_64_TO_32_BIT_CONVERSION = YES;
				GCC_WARN_ABOUT_RETURN_TYPE = YES_ERROR;
				GCC_WARN_UNDECLARED_SELECTOR = YES;
				GCC_WARN_UNINITIALIZED_AUTOS = YES_AGGRESSIVE;
				GCC_WARN_UNUSED_FUNCTION = YES;
				GCC_WARN_UNUSED_VARIABLE = YES;
				IPHONEOS_DEPLOYMENT_TARGET = 11.0;
				MTL_ENABLE_DEBUG_INFO = YES;
				ONLY_ACTIVE_ARCH = YES;
				SDKROOT = iphoneos;
				SWIFT_ACTIVE_COMPILATION_CONDITIONS = DEBUG;
				SWIFT_OPTIMIZATION_LEVEL = "-Onone";
			};
			name = Debug;
		};
		11E3C22D1F8F6C1000B0BDAA /* Release */ = {
			isa = XCBuildConfiguration;
			buildSettings = {
				ALWAYS_SEARCH_USER_PATHS = NO;
				CLANG_ANALYZER_NONNULL = YES;
				CLANG_ANALYZER_NUMBER_OBJECT_CONVERSION = YES_AGGRESSIVE;
				CLANG_CXX_LANGUAGE_STANDARD = "gnu++14";
				CLANG_CXX_LIBRARY = "libc++";
				CLANG_ENABLE_MODULES = YES;
				CLANG_ENABLE_OBJC_ARC = YES;
				CLANG_WARN_BLOCK_CAPTURE_AUTORELEASING = YES;
				CLANG_WARN_BOOL_CONVERSION = YES;
				CLANG_WARN_COMMA = YES;
				CLANG_WARN_CONSTANT_CONVERSION = YES;
				CLANG_WARN_DIRECT_OBJC_ISA_USAGE = YES_ERROR;
				CLANG_WARN_DOCUMENTATION_COMMENTS = YES;
				CLANG_WARN_EMPTY_BODY = YES;
				CLANG_WARN_ENUM_CONVERSION = YES;
				CLANG_WARN_INFINITE_RECURSION = YES;
				CLANG_WARN_INT_CONVERSION = YES;
				CLANG_WARN_NON_LITERAL_NULL_CONVERSION = YES;
				CLANG_WARN_OBJC_LITERAL_CONVERSION = YES;
				CLANG_WARN_OBJC_ROOT_CLASS = YES_ERROR;
				CLANG_WARN_RANGE_LOOP_ANALYSIS = YES;
				CLANG_WARN_STRICT_PROTOTYPES = YES;
				CLANG_WARN_SUSPICIOUS_MOVE = YES;
				CLANG_WARN_UNGUARDED_AVAILABILITY = YES_AGGRESSIVE;
				CLANG_WARN_UNREACHABLE_CODE = YES;
				CLANG_WARN__DUPLICATE_METHOD_MATCH = YES;
				CODE_SIGN_IDENTITY = "iPhone Developer";
				COPY_PHASE_STRIP = NO;
				DEBUG_INFORMATION_FORMAT = "dwarf-with-dsym";
				ENABLE_NS_ASSERTIONS = NO;
				ENABLE_STRICT_OBJC_MSGSEND = YES;
				GCC_C_LANGUAGE_STANDARD = gnu11;
				GCC_NO_COMMON_BLOCKS = YES;
				GCC_WARN_64_TO_32_BIT_CONVERSION = YES;
				GCC_WARN_ABOUT_RETURN_TYPE = YES_ERROR;
				GCC_WARN_UNDECLARED_SELECTOR = YES;
				GCC_WARN_UNINITIALIZED_AUTOS = YES_AGGRESSIVE;
				GCC_WARN_UNUSED_FUNCTION = YES;
				GCC_WARN_UNUSED_VARIABLE = YES;
				IPHONEOS_DEPLOYMENT_TARGET = 11.0;
				MTL_ENABLE_DEBUG_INFO = NO;
				SDKROOT = iphoneos;
				SWIFT_OPTIMIZATION_LEVEL = "-Owholemodule";
				VALIDATE_PRODUCT = YES;
			};
			name = Release;
		};
		11E3C22F1F8F6C1000B0BDAA /* Debug */ = {
			isa = XCBuildConfiguration;
			buildSettings = {
				ASSETCATALOG_COMPILER_APPICON_NAME = AppIcon;
				CODE_SIGN_STYLE = Automatic;
				DEVELOPMENT_TEAM = 5LHF76Y88Y;
				INFOPLIST_FILE = "Xyrality game worlds/Info.plist";
				LD_RUNPATH_SEARCH_PATHS = "$(inherited) @executable_path/Frameworks";
				PRODUCT_BUNDLE_IDENTIFIER = "sa.Xyrality-game-worlds";
				PRODUCT_NAME = "$(TARGET_NAME)";
				SWIFT_VERSION = 4.0;
				TARGETED_DEVICE_FAMILY = "1,2";
			};
			name = Debug;
		};
		11E3C2301F8F6C1000B0BDAA /* Release */ = {
			isa = XCBuildConfiguration;
			buildSettings = {
				ASSETCATALOG_COMPILER_APPICON_NAME = AppIcon;
				CODE_SIGN_STYLE = Automatic;
				DEVELOPMENT_TEAM = 5LHF76Y88Y;
				INFOPLIST_FILE = "Xyrality game worlds/Info.plist";
				LD_RUNPATH_SEARCH_PATHS = "$(inherited) @executable_path/Frameworks";
				PRODUCT_BUNDLE_IDENTIFIER = "sa.Xyrality-game-worlds";
				PRODUCT_NAME = "$(TARGET_NAME)";
				SWIFT_VERSION = 4.0;
				TARGETED_DEVICE_FAMILY = "1,2";
			};
			name = Release;
		};
/* End XCBuildConfiguration section */

/* Begin XCConfigurationList section */
		11E3C2171F8F6C1000B0BDAA /* Build configuration list for PBXProject "Xyrality game worlds" */ = {
			isa = XCConfigurationList;
			buildConfigurations = (
				11E3C22C1F8F6C1000B0BDAA /* Debug */,
				11E3C22D1F8F6C1000B0BDAA /* Release */,
			);
			defaultConfigurationIsVisible = 0;
			defaultConfigurationName = Release;
		};
		11E3C22E1F8F6C1000B0BDAA /* Build configuration list for PBXNativeTarget "Xyrality game worlds" */ = {
			isa = XCConfigurationList;
			buildConfigurations = (
				11E3C22F1F8F6C1000B0BDAA /* Debug */,
				11E3C2301F8F6C1000B0BDAA /* Release */,
			);
			defaultConfigurationIsVisible = 0;
			defaultConfigurationName = Release;
		};
/* End XCConfigurationList section */
	};
	rootObject = 11E3C2141F8F6C1000B0BDAA /* Project object */;
}
